
Microsoft Visual Studio Solution File, Format Version 12.00
# Visual Studio Version 17
VisualStudioVersion = 17.2.32526.322
MinimumVisualStudioVersion = 10.0.40219.1
Project("{FAE04EC0-301F-11D3-BF4B-00C04F79EFBC}") = "WebApplication6", "WebApplication6\WebApplication6.csproj", "{B16C46EA-2FB7-4040-A05B-7646FB4FBFA4}"
EndProject
Global
	GlobalSection(SolutionConfigurationPlatforms) = preSolution
		Debug|Any CPU = Debug|Any CPU
		Release|Any CPU = Release|Any CPU
	EndGlobalSection
	GlobalSection(ProjectConfigurationPlatforms) = postSolution
		{B16C46EA-2FB7-4040-A05B-7646FB4FBFA4}.Debug|Any CPU.ActiveCfg = Debug|Any CPU
		{B16C46EA-2FB7-4040-A05B-7646FB4FBFA4}.Debug|Any CPU.Build.0 = Debug|Any CPU
		{B16C46EA-2FB7-4040-A05B-7646FB4FBFA4}.Release|Any CPU.ActiveCfg = Release|Any CPU
		{B16C46EA-2FB7-4040-A05B-7646FB4FBFA4}.Release|Any CPU.Build.0 = Release|Any CPU
	EndGlobalSection
	GlobalSection(SolutionProperties) = preSolution
		HideSolutionNode = FALSE
	EndGlobalSection
	GlobalSection(ExtensibilityGlobals) = postSolution
		SolutionGuid = {219EA671-320A-41A9-A909-3EC10F3D8A6E}
	EndGlobalSection
EndGlobal
