
Microsoft Visual Studio Solution File, Format Version 12.00
# Visual Studio Version 16
VisualStudioVersion = 16.0.32602.291
MinimumVisualStudioVersion = 10.0.40219.1
Project("{FAE04EC0-301F-11D3-BF4B-00C04F79EFBC}") = "aspmodel", "aspmodel.csproj", "{A2C3B255-6D17-419C-9CF4-0D3AB04B5864}"
EndProject
Global
	GlobalSection(SolutionConfigurationPlatforms) = preSolution
		Debug|Any CPU = Debug|Any CPU
		Release|Any CPU = Release|Any CPU
	EndGlobalSection
	GlobalSection(ProjectConfigurationPlatforms) = postSolution
		{A2C3B255-6D17-419C-9CF4-0D3AB04B5864}.Debug|Any CPU.ActiveCfg = Debug|Any CPU
		{A2C3B255-6D17-419C-9CF4-0D3AB04B5864}.Debug|Any CPU.Build.0 = Debug|Any CPU
		{A2C3B255-6D17-419C-9CF4-0D3AB04B5864}.Release|Any CPU.ActiveCfg = Release|Any CPU
		{A2C3B255-6D17-419C-9CF4-0D3AB04B5864}.Release|Any CPU.Build.0 = Release|Any CPU
	EndGlobalSection
	GlobalSection(SolutionProperties) = preSolution
		HideSolutionNode = FALSE
	EndGlobalSection
	GlobalSection(ExtensibilityGlobals) = postSolution
		SolutionGuid = {E4B120EF-72CB-44AB-8D3C-A4BC79F478E3}
	EndGlobalSection
EndGlobal
