
Microsoft Visual Studio Solution File, Format Version 12.00
# Visual Studio Version 16
VisualStudioVersion = 16.0.32602.291
MinimumVisualStudioVersion = 10.0.40219.1
Project("{FAE04EC0-301F-11D3-BF4B-00C04F79EFBC}") = "firstproject", "firstproject.csproj", "{04F927C9-4B3E-4FF1-B477-E34D7F87BF5C}"
EndProject
Global
	GlobalSection(SolutionConfigurationPlatforms) = preSolution
		Debug|Any CPU = Debug|Any CPU
		Release|Any CPU = Release|Any CPU
	EndGlobalSection
	GlobalSection(ProjectConfigurationPlatforms) = postSolution
		{04F927C9-4B3E-4FF1-B477-E34D7F87BF5C}.Debug|Any CPU.ActiveCfg = Debug|Any CPU
		{04F927C9-4B3E-4FF1-B477-E34D7F87BF5C}.Debug|Any CPU.Build.0 = Debug|Any CPU
		{04F927C9-4B3E-4FF1-B477-E34D7F87BF5C}.Release|Any CPU.ActiveCfg = Release|Any CPU
		{04F927C9-4B3E-4FF1-B477-E34D7F87BF5C}.Release|Any CPU.Build.0 = Release|Any CPU
	EndGlobalSection
	GlobalSection(SolutionProperties) = preSolution
		HideSolutionNode = FALSE
	EndGlobalSection
	GlobalSection(ExtensibilityGlobals) = postSolution
		SolutionGuid = {A7599ED0-DD0F-4DEB-BFA6-FA89D704DE4C}
	EndGlobalSection
EndGlobal
