
Microsoft Visual Studio Solution File, Format Version 12.00
# Visual Studio Version 16
VisualStudioVersion = 16.0.32602.291
MinimumVisualStudioVersion = 10.0.40219.1
Project("{FAE04EC0-301F-11D3-BF4B-00C04F79EFBC}") = "MVCLISTMODEL", "MVCLISTMODEL.csproj", "{B169364B-A573-42BD-919B-8022FC5D45B2}"
EndProject
Global
	GlobalSection(SolutionConfigurationPlatforms) = preSolution
		Debug|Any CPU = Debug|Any CPU
		Release|Any CPU = Release|Any CPU
	EndGlobalSection
	GlobalSection(ProjectConfigurationPlatforms) = postSolution
		{B169364B-A573-42BD-919B-8022FC5D45B2}.Debug|Any CPU.ActiveCfg = Debug|Any CPU
		{B169364B-A573-42BD-919B-8022FC5D45B2}.Debug|Any CPU.Build.0 = Debug|Any CPU
		{B169364B-A573-42BD-919B-8022FC5D45B2}.Release|Any CPU.ActiveCfg = Release|Any CPU
		{B169364B-A573-42BD-919B-8022FC5D45B2}.Release|Any CPU.Build.0 = Release|Any CPU
	EndGlobalSection
	GlobalSection(SolutionProperties) = preSolution
		HideSolutionNode = FALSE
	EndGlobalSection
	GlobalSection(ExtensibilityGlobals) = postSolution
		SolutionGuid = {BFBAD102-E20F-4690-8DDE-E5C4AC8564C6}
	EndGlobalSection
EndGlobal
