
Microsoft Visual Studio Solution File, Format Version 12.00
# Visual Studio Version 16
VisualStudioVersion = 16.0.32602.291
MinimumVisualStudioVersion = 10.0.40219.1
Project("{FAE04EC0-301F-11D3-BF4B-00C04F79EFBC}") = "validationnew", "validationnew.csproj", "{2DB57E27-F892-4C80-849E-20E1AFAF6129}"
EndProject
Global
	GlobalSection(SolutionConfigurationPlatforms) = preSolution
		Debug|Any CPU = Debug|Any CPU
		Release|Any CPU = Release|Any CPU
	EndGlobalSection
	GlobalSection(ProjectConfigurationPlatforms) = postSolution
		{2DB57E27-F892-4C80-849E-20E1AFAF6129}.Debug|Any CPU.ActiveCfg = Debug|Any CPU
		{2DB57E27-F892-4C80-849E-20E1AFAF6129}.Debug|Any CPU.Build.0 = Debug|Any CPU
		{2DB57E27-F892-4C80-849E-20E1AFAF6129}.Release|Any CPU.ActiveCfg = Release|Any CPU
		{2DB57E27-F892-4C80-849E-20E1AFAF6129}.Release|Any CPU.Build.0 = Release|Any CPU
	EndGlobalSection
	GlobalSection(SolutionProperties) = preSolution
		HideSolutionNode = FALSE
	EndGlobalSection
	GlobalSection(ExtensibilityGlobals) = postSolution
		SolutionGuid = {D251A49D-7ABB-4A5A-B9BB-BF61B78139DD}
	EndGlobalSection
EndGlobal
