
Microsoft Visual Studio Solution File, Format Version 12.00
# Visual Studio Version 17
VisualStudioVersion = 17.2.32526.322
MinimumVisualStudioVersion = 10.0.40219.1
Project("{FAE04EC0-301F-11D3-BF4B-00C04F79EFBC}") = "WebApplication15", "WebApplication15\WebApplication15.csproj", "{AA0F9810-E95F-419C-BC5D-80B8DDDFA165}"
EndProject
Global
	GlobalSection(SolutionConfigurationPlatforms) = preSolution
		Debug|Any CPU = Debug|Any CPU
		Release|Any CPU = Release|Any CPU
	EndGlobalSection
	GlobalSection(ProjectConfigurationPlatforms) = postSolution
		{AA0F9810-E95F-419C-BC5D-80B8DDDFA165}.Debug|Any CPU.ActiveCfg = Debug|Any CPU
		{AA0F9810-E95F-419C-BC5D-80B8DDDFA165}.Debug|Any CPU.Build.0 = Debug|Any CPU
		{AA0F9810-E95F-419C-BC5D-80B8DDDFA165}.Release|Any CPU.ActiveCfg = Release|Any CPU
		{AA0F9810-E95F-419C-BC5D-80B8DDDFA165}.Release|Any CPU.Build.0 = Release|Any CPU
	EndGlobalSection
	GlobalSection(SolutionProperties) = preSolution
		HideSolutionNode = FALSE
	EndGlobalSection
	GlobalSection(ExtensibilityGlobals) = postSolution
		SolutionGuid = {EF72C55A-1D75-4C65-A6CE-4B9F1032AA48}
	EndGlobalSection
EndGlobal
