
Microsoft Visual Studio Solution File, Format Version 12.00
# Visual Studio Version 16
VisualStudioVersion = 16.0.32602.291
MinimumVisualStudioVersion = 10.0.40219.1
Project("{F184B08F-C81C-45F6-A57F-5ABD9991F28F}") = "ConsoleApp3", "ConsoleApp3.vbproj", "{C92A2A3A-8C7A-4EF6-9619-5B1B1545CE7A}"
EndProject
Global
	GlobalSection(SolutionConfigurationPlatforms) = preSolution
		Debug|Any CPU = Debug|Any CPU
		Release|Any CPU = Release|Any CPU
	EndGlobalSection
	GlobalSection(ProjectConfigurationPlatforms) = postSolution
		{C92A2A3A-8C7A-4EF6-9619-5B1B1545CE7A}.Debug|Any CPU.ActiveCfg = Debug|Any CPU
		{C92A2A3A-8C7A-4EF6-9619-5B1B1545CE7A}.Debug|Any CPU.Build.0 = Debug|Any CPU
		{C92A2A3A-8C7A-4EF6-9619-5B1B1545CE7A}.Release|Any CPU.ActiveCfg = Release|Any CPU
		{C92A2A3A-8C7A-4EF6-9619-5B1B1545CE7A}.Release|Any CPU.Build.0 = Release|Any CPU
	EndGlobalSection
	GlobalSection(SolutionProperties) = preSolution
		HideSolutionNode = FALSE
	EndGlobalSection
	GlobalSection(ExtensibilityGlobals) = postSolution
		SolutionGuid = {EBE8A39B-F27D-4068-95BC-A7E906F97462}
	EndGlobalSection
EndGlobal
