
Microsoft Visual Studio Solution File, Format Version 12.00
# Visual Studio Version 17
VisualStudioVersion = 17.2.32526.322
MinimumVisualStudioVersion = 10.0.40219.1
Project("{FAE04EC0-301F-11D3-BF4B-00C04F79EFBC}") = "WebApplication16", "WebApplication16\WebApplication16.csproj", "{A2CF27EA-FDE4-4933-9BEC-8522A94BCDD8}"
EndProject
Global
	GlobalSection(SolutionConfigurationPlatforms) = preSolution
		Debug|Any CPU = Debug|Any CPU
		Release|Any CPU = Release|Any CPU
	EndGlobalSection
	GlobalSection(ProjectConfigurationPlatforms) = postSolution
		{A2CF27EA-FDE4-4933-9BEC-8522A94BCDD8}.Debug|Any CPU.ActiveCfg = Debug|Any CPU
		{A2CF27EA-FDE4-4933-9BEC-8522A94BCDD8}.Debug|Any CPU.Build.0 = Debug|Any CPU
		{A2CF27EA-FDE4-4933-9BEC-8522A94BCDD8}.Release|Any CPU.ActiveCfg = Release|Any CPU
		{A2CF27EA-FDE4-4933-9BEC-8522A94BCDD8}.Release|Any CPU.Build.0 = Release|Any CPU
	EndGlobalSection
	GlobalSection(SolutionProperties) = preSolution
		HideSolutionNode = FALSE
	EndGlobalSection
	GlobalSection(ExtensibilityGlobals) = postSolution
		SolutionGuid = {804FE551-167C-4B20-AEF8-175EBC79199B}
	EndGlobalSection
EndGlobal
