
Microsoft Visual Studio Solution File, Format Version 12.00
# Visual Studio Version 16
VisualStudioVersion = 16.0.32602.291
MinimumVisualStudioVersion = 10.0.40219.1
Project("{FAE04EC0-301F-11D3-BF4B-00C04F79EFBC}") = "WebApplication25", "WebApplication25.csproj", "{1D10FDA6-FC8F-4AB0-8BCE-F23ABAC38170}"
EndProject
Global
	GlobalSection(SolutionConfigurationPlatforms) = preSolution
		Debug|Any CPU = Debug|Any CPU
		Release|Any CPU = Release|Any CPU
	EndGlobalSection
	GlobalSection(ProjectConfigurationPlatforms) = postSolution
		{1D10FDA6-FC8F-4AB0-8BCE-F23ABAC38170}.Debug|Any CPU.ActiveCfg = Debug|Any CPU
		{1D10FDA6-FC8F-4AB0-8BCE-F23ABAC38170}.Debug|Any CPU.Build.0 = Debug|Any CPU
		{1D10FDA6-FC8F-4AB0-8BCE-F23ABAC38170}.Release|Any CPU.ActiveCfg = Release|Any CPU
		{1D10FDA6-FC8F-4AB0-8BCE-F23ABAC38170}.Release|Any CPU.Build.0 = Release|Any CPU
	EndGlobalSection
	GlobalSection(SolutionProperties) = preSolution
		HideSolutionNode = FALSE
	EndGlobalSection
	GlobalSection(ExtensibilityGlobals) = postSolution
		SolutionGuid = {826DBC8B-4C7A-4DE0-ABBA-A30D592019E2}
	EndGlobalSection
EndGlobal
