
Microsoft Visual Studio Solution File, Format Version 12.00
# Visual Studio Version 16
VisualStudioVersion = 16.0.32602.291
MinimumVisualStudioVersion = 10.0.40219.1
Project("{FAE04EC0-301F-11D3-BF4B-00C04F79EFBC}") = "MvcProjectMovie", "MvcProjectMovie.csproj", "{2D26C06E-0537-4BB8-89DF-6587C9606193}"
EndProject
Global
	GlobalSection(SolutionConfigurationPlatforms) = preSolution
		Debug|Any CPU = Debug|Any CPU
		Release|Any CPU = Release|Any CPU
	EndGlobalSection
	GlobalSection(ProjectConfigurationPlatforms) = postSolution
		{2D26C06E-0537-4BB8-89DF-6587C9606193}.Debug|Any CPU.ActiveCfg = Debug|Any CPU
		{2D26C06E-0537-4BB8-89DF-6587C9606193}.Debug|Any CPU.Build.0 = Debug|Any CPU
		{2D26C06E-0537-4BB8-89DF-6587C9606193}.Release|Any CPU.ActiveCfg = Release|Any CPU
		{2D26C06E-0537-4BB8-89DF-6587C9606193}.Release|Any CPU.Build.0 = Release|Any CPU
	EndGlobalSection
	GlobalSection(SolutionProperties) = preSolution
		HideSolutionNode = FALSE
	EndGlobalSection
	GlobalSection(ExtensibilityGlobals) = postSolution
		SolutionGuid = {572F4B42-8B9C-4A7E-B7AD-94D5CD76C576}
	EndGlobalSection
EndGlobal
