
Microsoft Visual Studio Solution File, Format Version 12.00
# Visual Studio Version 16
VisualStudioVersion = 16.0.32602.291
MinimumVisualStudioVersion = 10.0.40219.1
Project("{FAE04EC0-301F-11D3-BF4B-00C04F79EFBC}") = "WebApplication29", "WebApplication29.csproj", "{2D1FF259-E9E6-4758-BB2B-52C59F7ABD72}"
EndProject
Global
	GlobalSection(SolutionConfigurationPlatforms) = preSolution
		Debug|Any CPU = Debug|Any CPU
		Release|Any CPU = Release|Any CPU
	EndGlobalSection
	GlobalSection(ProjectConfigurationPlatforms) = postSolution
		{2D1FF259-E9E6-4758-BB2B-52C59F7ABD72}.Debug|Any CPU.ActiveCfg = Debug|Any CPU
		{2D1FF259-E9E6-4758-BB2B-52C59F7ABD72}.Debug|Any CPU.Build.0 = Debug|Any CPU
		{2D1FF259-E9E6-4758-BB2B-52C59F7ABD72}.Release|Any CPU.ActiveCfg = Release|Any CPU
		{2D1FF259-E9E6-4758-BB2B-52C59F7ABD72}.Release|Any CPU.Build.0 = Release|Any CPU
	EndGlobalSection
	GlobalSection(SolutionProperties) = preSolution
		HideSolutionNode = FALSE
	EndGlobalSection
	GlobalSection(ExtensibilityGlobals) = postSolution
		SolutionGuid = {DD8CCD42-9181-49BE-B1C5-CF2DEC1662D4}
	EndGlobalSection
EndGlobal
