
Microsoft Visual Studio Solution File, Format Version 12.00
# Visual Studio Version 16
VisualStudioVersion = 16.0.32602.291
MinimumVisualStudioVersion = 10.0.40219.1
Project("{FAE04EC0-301F-11D3-BF4B-00C04F79EFBC}") = "coretoday", "coretoday.csproj", "{30EE5625-E30A-4B31-924C-C24122D29374}"
EndProject
Global
	GlobalSection(SolutionConfigurationPlatforms) = preSolution
		Debug|Any CPU = Debug|Any CPU
		Release|Any CPU = Release|Any CPU
	EndGlobalSection
	GlobalSection(ProjectConfigurationPlatforms) = postSolution
		{30EE5625-E30A-4B31-924C-C24122D29374}.Debug|Any CPU.ActiveCfg = Debug|Any CPU
		{30EE5625-E30A-4B31-924C-C24122D29374}.Debug|Any CPU.Build.0 = Debug|Any CPU
		{30EE5625-E30A-4B31-924C-C24122D29374}.Release|Any CPU.ActiveCfg = Release|Any CPU
		{30EE5625-E30A-4B31-924C-C24122D29374}.Release|Any CPU.Build.0 = Release|Any CPU
	EndGlobalSection
	GlobalSection(SolutionProperties) = preSolution
		HideSolutionNode = FALSE
	EndGlobalSection
	GlobalSection(ExtensibilityGlobals) = postSolution
		SolutionGuid = {5A63782B-65E8-46AA-84C3-4D2032C44D90}
	EndGlobalSection
EndGlobal
