
Microsoft Visual Studio Solution File, Format Version 12.00
# Visual Studio Version 16
VisualStudioVersion = 16.0.32602.291
MinimumVisualStudioVersion = 10.0.40219.1
Project("{FAE04EC0-301F-11D3-BF4B-00C04F79EFBC}") = "classproject", "classproject.csproj", "{6BC97AE7-E0E2-41B6-9DB9-F3C6615C94B9}"
EndProject
Global
	GlobalSection(SolutionConfigurationPlatforms) = preSolution
		Debug|Any CPU = Debug|Any CPU
		Release|Any CPU = Release|Any CPU
	EndGlobalSection
	GlobalSection(ProjectConfigurationPlatforms) = postSolution
		{6BC97AE7-E0E2-41B6-9DB9-F3C6615C94B9}.Debug|Any CPU.ActiveCfg = Debug|Any CPU
		{6BC97AE7-E0E2-41B6-9DB9-F3C6615C94B9}.Debug|Any CPU.Build.0 = Debug|Any CPU
		{6BC97AE7-E0E2-41B6-9DB9-F3C6615C94B9}.Release|Any CPU.ActiveCfg = Release|Any CPU
		{6BC97AE7-E0E2-41B6-9DB9-F3C6615C94B9}.Release|Any CPU.Build.0 = Release|Any CPU
	EndGlobalSection
	GlobalSection(SolutionProperties) = preSolution
		HideSolutionNode = FALSE
	EndGlobalSection
	GlobalSection(ExtensibilityGlobals) = postSolution
		SolutionGuid = {666FF13B-C37D-4F4D-84C0-D78533D72513}
	EndGlobalSection
EndGlobal
