
Microsoft Visual Studio Solution File, Format Version 12.00
# Visual Studio Version 16
VisualStudioVersion = 16.0.32602.291
MinimumVisualStudioVersion = 10.0.40219.1
Project("{FAE04EC0-301F-11D3-BF4B-00C04F79EFBC}") = "WebApplication33", "WebApplication33.csproj", "{D251D622-3065-462C-80E3-0EDF03C1D756}"
EndProject
Global
	GlobalSection(SolutionConfigurationPlatforms) = preSolution
		Debug|Any CPU = Debug|Any CPU
		Release|Any CPU = Release|Any CPU
	EndGlobalSection
	GlobalSection(ProjectConfigurationPlatforms) = postSolution
		{D251D622-3065-462C-80E3-0EDF03C1D756}.Debug|Any CPU.ActiveCfg = Debug|Any CPU
		{D251D622-3065-462C-80E3-0EDF03C1D756}.Debug|Any CPU.Build.0 = Debug|Any CPU
		{D251D622-3065-462C-80E3-0EDF03C1D756}.Release|Any CPU.ActiveCfg = Release|Any CPU
		{D251D622-3065-462C-80E3-0EDF03C1D756}.Release|Any CPU.Build.0 = Release|Any CPU
	EndGlobalSection
	GlobalSection(SolutionProperties) = preSolution
		HideSolutionNode = FALSE
	EndGlobalSection
	GlobalSection(ExtensibilityGlobals) = postSolution
		SolutionGuid = {6F336B9C-C6ED-4A57-B2E4-D7F02856D85A}
	EndGlobalSection
EndGlobal
