
Microsoft Visual Studio Solution File, Format Version 12.00
# Visual Studio Version 16
VisualStudioVersion = 16.0.32602.291
MinimumVisualStudioVersion = 10.0.40219.1
Project("{FAE04EC0-301F-11D3-BF4B-00C04F79EFBC}") = "new1", "new1.csproj", "{4E5BE302-E402-4437-905F-616BF9617ECF}"
EndProject
Global
	GlobalSection(SolutionConfigurationPlatforms) = preSolution
		Debug|Any CPU = Debug|Any CPU
		Release|Any CPU = Release|Any CPU
	EndGlobalSection
	GlobalSection(ProjectConfigurationPlatforms) = postSolution
		{4E5BE302-E402-4437-905F-616BF9617ECF}.Debug|Any CPU.ActiveCfg = Debug|Any CPU
		{4E5BE302-E402-4437-905F-616BF9617ECF}.Debug|Any CPU.Build.0 = Debug|Any CPU
		{4E5BE302-E402-4437-905F-616BF9617ECF}.Release|Any CPU.ActiveCfg = Release|Any CPU
		{4E5BE302-E402-4437-905F-616BF9617ECF}.Release|Any CPU.Build.0 = Release|Any CPU
	EndGlobalSection
	GlobalSection(SolutionProperties) = preSolution
		HideSolutionNode = FALSE
	EndGlobalSection
	GlobalSection(ExtensibilityGlobals) = postSolution
		SolutionGuid = {48C7B2E3-FD85-40D7-8C84-8CF37FE148BA}
	EndGlobalSection
EndGlobal
