
Microsoft Visual Studio Solution File, Format Version 12.00
# Visual Studio Version 16
VisualStudioVersion = 16.0.32602.291
MinimumVisualStudioVersion = 10.0.40219.1
Project("{FAE04EC0-301F-11D3-BF4B-00C04F79EFBC}") = "firstfirst", "firstfirst.csproj", "{8041C510-8ED3-4384-95B5-4FAB7143C2D0}"
EndProject
Global
	GlobalSection(SolutionConfigurationPlatforms) = preSolution
		Debug|Any CPU = Debug|Any CPU
		Release|Any CPU = Release|Any CPU
	EndGlobalSection
	GlobalSection(ProjectConfigurationPlatforms) = postSolution
		{8041C510-8ED3-4384-95B5-4FAB7143C2D0}.Debug|Any CPU.ActiveCfg = Debug|Any CPU
		{8041C510-8ED3-4384-95B5-4FAB7143C2D0}.Debug|Any CPU.Build.0 = Debug|Any CPU
		{8041C510-8ED3-4384-95B5-4FAB7143C2D0}.Release|Any CPU.ActiveCfg = Release|Any CPU
		{8041C510-8ED3-4384-95B5-4FAB7143C2D0}.Release|Any CPU.Build.0 = Release|Any CPU
	EndGlobalSection
	GlobalSection(SolutionProperties) = preSolution
		HideSolutionNode = FALSE
	EndGlobalSection
	GlobalSection(ExtensibilityGlobals) = postSolution
		SolutionGuid = {BE5C9DA2-D3EF-4BAC-8E9B-4E5AC85A8C1D}
	EndGlobalSection
EndGlobal
