
Microsoft Visual Studio Solution File, Format Version 12.00
# Visual Studio Version 16
VisualStudioVersion = 16.0.32602.291
MinimumVisualStudioVersion = 10.0.40219.1
Project("{FAE04EC0-301F-11D3-BF4B-00C04F79EFBC}") = "linqtest", "linqtest.csproj", "{58A1E6CF-5ECC-45CA-8CFB-5C8A33DDF5EC}"
EndProject
Global
	GlobalSection(SolutionConfigurationPlatforms) = preSolution
		Debug|Any CPU = Debug|Any CPU
		Release|Any CPU = Release|Any CPU
	EndGlobalSection
	GlobalSection(ProjectConfigurationPlatforms) = postSolution
		{58A1E6CF-5ECC-45CA-8CFB-5C8A33DDF5EC}.Debug|Any CPU.ActiveCfg = Debug|Any CPU
		{58A1E6CF-5ECC-45CA-8CFB-5C8A33DDF5EC}.Debug|Any CPU.Build.0 = Debug|Any CPU
		{58A1E6CF-5ECC-45CA-8CFB-5C8A33DDF5EC}.Release|Any CPU.ActiveCfg = Release|Any CPU
		{58A1E6CF-5ECC-45CA-8CFB-5C8A33DDF5EC}.Release|Any CPU.Build.0 = Release|Any CPU
	EndGlobalSection
	GlobalSection(SolutionProperties) = preSolution
		HideSolutionNode = FALSE
	EndGlobalSection
	GlobalSection(ExtensibilityGlobals) = postSolution
		SolutionGuid = {C3374F62-177B-4389-BF7F-3C7259AA26FD}
	EndGlobalSection
EndGlobal
