
Microsoft Visual Studio Solution File, Format Version 12.00
# Visual Studio Version 16
VisualStudioVersion = 16.0.32602.291
MinimumVisualStudioVersion = 10.0.40219.1
Project("{FAE04EC0-301F-11D3-BF4B-00C04F79EFBC}") = "ConsoleApp4", "ConsoleApp4.csproj", "{9BBACAD0-6788-4491-B10E-FA6560AA1B3B}"
EndProject
Global
	GlobalSection(SolutionConfigurationPlatforms) = preSolution
		Debug|Any CPU = Debug|Any CPU
		Release|Any CPU = Release|Any CPU
	EndGlobalSection
	GlobalSection(ProjectConfigurationPlatforms) = postSolution
		{9BBACAD0-6788-4491-B10E-FA6560AA1B3B}.Debug|Any CPU.ActiveCfg = Debug|Any CPU
		{9BBACAD0-6788-4491-B10E-FA6560AA1B3B}.Debug|Any CPU.Build.0 = Debug|Any CPU
		{9BBACAD0-6788-4491-B10E-FA6560AA1B3B}.Release|Any CPU.ActiveCfg = Release|Any CPU
		{9BBACAD0-6788-4491-B10E-FA6560AA1B3B}.Release|Any CPU.Build.0 = Release|Any CPU
	EndGlobalSection
	GlobalSection(SolutionProperties) = preSolution
		HideSolutionNode = FALSE
	EndGlobalSection
	GlobalSection(ExtensibilityGlobals) = postSolution
		SolutionGuid = {F75D996A-AE47-431C-ACF1-1DE15A3CA7E6}
	EndGlobalSection
EndGlobal
