
Microsoft Visual Studio Solution File, Format Version 12.00
# Visual Studio Version 16
VisualStudioVersion = 16.0.32602.291
MinimumVisualStudioVersion = 10.0.40219.1
Project("{FAE04EC0-301F-11D3-BF4B-00C04F79EFBC}") = "Models", "Models.csproj", "{0082168F-9B9C-4EDE-9847-842939AC8776}"
EndProject
Global
	GlobalSection(SolutionConfigurationPlatforms) = preSolution
		Debug|Any CPU = Debug|Any CPU
		Release|Any CPU = Release|Any CPU
	EndGlobalSection
	GlobalSection(ProjectConfigurationPlatforms) = postSolution
		{0082168F-9B9C-4EDE-9847-842939AC8776}.Debug|Any CPU.ActiveCfg = Debug|Any CPU
		{0082168F-9B9C-4EDE-9847-842939AC8776}.Debug|Any CPU.Build.0 = Debug|Any CPU
		{0082168F-9B9C-4EDE-9847-842939AC8776}.Release|Any CPU.ActiveCfg = Release|Any CPU
		{0082168F-9B9C-4EDE-9847-842939AC8776}.Release|Any CPU.Build.0 = Release|Any CPU
	EndGlobalSection
	GlobalSection(SolutionProperties) = preSolution
		HideSolutionNode = FALSE
	EndGlobalSection
	GlobalSection(ExtensibilityGlobals) = postSolution
		SolutionGuid = {D29ED0EF-5689-45F5-9A29-052B6C16E554}
	EndGlobalSection
EndGlobal
